{
  "nodes": {
    "nixpkgs": {
      "locked": {
        "lastModified": 1714771770,
        "narHash": "sha256-fpF/XtsAl9ZODBS4r6opHT3sD+MGA1crp4jhSTOe7CM=",
        "owner": "nixos",
        "repo": "nixpkgs",
        "rev": "6aafa61235f3dcd0779d98c446f5160e1a931d12",
        "type": "github"
      },
      "original": {
        "owner": "nixos",
        "ref": "release-23.11",
        "repo": "nixpkgs",
        "type": "github"
      }
    },
    "root": {
      "inputs": {
        "nixpkgs": "nixpkgs"
      }
    }
  },
  "root": "root",
  "version": 7
}
